
Microsoft Visual Studio Solution File, Format Version 11.00
# Visual Studio 2010
Project("{FAE04EC0-301F-11D3-BF4B-00C04F79EFBC}") = "VuforiaScripts", "VuforiaScripts.csproj", "{2AAD2C22-ED60-3C88-6105-CBE33E013722}"
EndProject
Project("{FAE04EC0-301F-11D3-BF4B-00C04F79EFBC}") = "VuforiaEditorScripts", "VuforiaEditorScripts.csproj", "{D9868069-9BD3-0A63-9BD7-EF38F7662535}"
EndProject
Global
	GlobalSection(SolutionConfigurationPlatforms) = preSolution
		Debug|Any CPU = Debug|Any CPU
		Release|Any CPU = Release|Any CPU
	EndGlobalSection
	GlobalSection(ProjectConfigurationPlatforms) = postSolution
		{2AAD2C22-ED60-3C88-6105-CBE33E013722}.Debug|Any CPU.ActiveCfg = Debug|Any CPU
		{2AAD2C22-ED60-3C88-6105-CBE33E013722}.Debug|Any CPU.Build.0 = Debug|Any CPU
		{2AAD2C22-ED60-3C88-6105-CBE33E013722}.Release|Any CPU.ActiveCfg = Release|Any CPU
		{2AAD2C22-ED60-3C88-6105-CBE33E013722}.Release|Any CPU.Build.0 = Release|Any CPU
		{D9868069-9BD3-0A63-9BD7-EF38F7662535}.Debug|Any CPU.ActiveCfg = Debug|Any CPU
		{D9868069-9BD3-0A63-9BD7-EF38F7662535}.Debug|Any CPU.Build.0 = Debug|Any CPU
		{D9868069-9BD3-0A63-9BD7-EF38F7662535}.Release|Any CPU.ActiveCfg = Release|Any CPU
		{D9868069-9BD3-0A63-9BD7-EF38F7662535}.Release|Any CPU.Build.0 = Release|Any CPU
	EndGlobalSection
	GlobalSection(SolutionProperties) = preSolution
		HideSolutionNode = FALSE
	EndGlobalSection
	GlobalSection(MonoDevelopProperties) = preSolution
		StartupItem = Assembly-CSharp.csproj
	EndGlobalSection
EndGlobal
